
Microsoft Visual Studio Solution File, Format Version 12.00
# Visual Studio Version 17
VisualStudioVersion = 17.3.32929.385
MinimumVisualStudioVersion = 10.0.40219.1
Project("{FAE04EC0-301F-11D3-BF4B-00C04F79EFBC}") = "BmiCalculator", "BmiCalculator\BmiCalculator.csproj", "{E659DDF5-F15D-472D-8F29-E6518F1E9B1C}"
EndProject
Global
	GlobalSection(SolutionConfigurationPlatforms) = preSolution
		Debug|Any CPU = Debug|Any CPU
		Release|Any CPU = Release|Any CPU
	EndGlobalSection
	GlobalSection(ProjectConfigurationPlatforms) = postSolution
		{E659DDF5-F15D-472D-8F29-E6518F1E9B1C}.Debug|Any CPU.ActiveCfg = Debug|Any CPU
		{E659DDF5-F15D-472D-8F29-E6518F1E9B1C}.Debug|Any CPU.Build.0 = Debug|Any CPU
		{E659DDF5-F15D-472D-8F29-E6518F1E9B1C}.Release|Any CPU.ActiveCfg = Release|Any CPU
		{E659DDF5-F15D-472D-8F29-E6518F1E9B1C}.Release|Any CPU.Build.0 = Release|Any CPU
	EndGlobalSection
	GlobalSection(SolutionProperties) = preSolution
		HideSolutionNode = FALSE
	EndGlobalSection
	GlobalSection(ExtensibilityGlobals) = postSolution
		SolutionGuid = {02692B4C-3F6C-4CAE-B512-1A898AA401A4}
	EndGlobalSection
EndGlobal
