
Microsoft Visual Studio Solution File, Format Version 12.00
# Visual Studio Version 17
VisualStudioVersion = 17.3.32929.385
MinimumVisualStudioVersion = 10.0.40219.1
Project("{9A19103F-16F7-4668-BE54-9A1E7A4F7556}") = "BankAccountFormsApp", "BankAccountFormsApp\BankAccountFormsApp.csproj", "{8290AD75-C21F-4C40-AB17-5E2AA90F65AB}"
EndProject
Project("{FAE04EC0-301F-11D3-BF4B-00C04F79EFBC}") = "BankAccount", "BankAccount\BankAccount.csproj", "{14FE4733-29E2-40F8-94C7-A922EDFFE36E}"
EndProject
Global
	GlobalSection(SolutionConfigurationPlatforms) = preSolution
		Debug|Any CPU = Debug|Any CPU
		Release|Any CPU = Release|Any CPU
	EndGlobalSection
	GlobalSection(ProjectConfigurationPlatforms) = postSolution
		{8290AD75-C21F-4C40-AB17-5E2AA90F65AB}.Debug|Any CPU.ActiveCfg = Debug|Any CPU
		{8290AD75-C21F-4C40-AB17-5E2AA90F65AB}.Debug|Any CPU.Build.0 = Debug|Any CPU
		{8290AD75-C21F-4C40-AB17-5E2AA90F65AB}.Release|Any CPU.ActiveCfg = Release|Any CPU
		{8290AD75-C21F-4C40-AB17-5E2AA90F65AB}.Release|Any CPU.Build.0 = Release|Any CPU
		{14FE4733-29E2-40F8-94C7-A922EDFFE36E}.Debug|Any CPU.ActiveCfg = Debug|Any CPU
		{14FE4733-29E2-40F8-94C7-A922EDFFE36E}.Debug|Any CPU.Build.0 = Debug|Any CPU
		{14FE4733-29E2-40F8-94C7-A922EDFFE36E}.Release|Any CPU.ActiveCfg = Release|Any CPU
		{14FE4733-29E2-40F8-94C7-A922EDFFE36E}.Release|Any CPU.Build.0 = Release|Any CPU
	EndGlobalSection
	GlobalSection(SolutionProperties) = preSolution
		HideSolutionNode = FALSE
	EndGlobalSection
	GlobalSection(ExtensibilityGlobals) = postSolution
		SolutionGuid = {ACC44C52-4C97-4D20-815D-2661EA615B86}
	EndGlobalSection
EndGlobal
