
Microsoft Visual Studio Solution File, Format Version 12.00
# Visual Studio Version 17
VisualStudioVersion = 17.3.32929.385
MinimumVisualStudioVersion = 10.0.40219.1
Project("{FAE04EC0-301F-11D3-BF4B-00C04F79EFBC}") = "BankAccountConsoleApp", "BankAccountConsoleApp\BankAccountConsoleApp.csproj", "{824E90E4-CCEA-467B-A654-D42445AD804D}"
EndProject
Global
	GlobalSection(SolutionConfigurationPlatforms) = preSolution
		Debug|Any CPU = Debug|Any CPU
		Release|Any CPU = Release|Any CPU
	EndGlobalSection
	GlobalSection(ProjectConfigurationPlatforms) = postSolution
		{824E90E4-CCEA-467B-A654-D42445AD804D}.Debug|Any CPU.ActiveCfg = Debug|Any CPU
		{824E90E4-CCEA-467B-A654-D42445AD804D}.Debug|Any CPU.Build.0 = Debug|Any CPU
		{824E90E4-CCEA-467B-A654-D42445AD804D}.Release|Any CPU.ActiveCfg = Release|Any CPU
		{824E90E4-CCEA-467B-A654-D42445AD804D}.Release|Any CPU.Build.0 = Release|Any CPU
	EndGlobalSection
	GlobalSection(SolutionProperties) = preSolution
		HideSolutionNode = FALSE
	EndGlobalSection
	GlobalSection(ExtensibilityGlobals) = postSolution
		SolutionGuid = {5A63D219-98B7-4BD0-9AC4-387DC9A8E15C}
	EndGlobalSection
EndGlobal
