
Microsoft Visual Studio Solution File, Format Version 12.00
# Visual Studio Version 17
VisualStudioVersion = 17.3.32929.385
MinimumVisualStudioVersion = 10.0.40219.1
Project("{FAE04EC0-301F-11D3-BF4B-00C04F79EFBC}") = "YouTubeDowloader", "YouTubeDowloader\YouTubeDowloader.csproj", "{5B18B2BF-E26E-4586-BD4C-1F63D075641B}"
EndProject
Global
	GlobalSection(SolutionConfigurationPlatforms) = preSolution
		Debug|Any CPU = Debug|Any CPU
		Release|Any CPU = Release|Any CPU
	EndGlobalSection
	GlobalSection(ProjectConfigurationPlatforms) = postSolution
		{5B18B2BF-E26E-4586-BD4C-1F63D075641B}.Debug|Any CPU.ActiveCfg = Debug|Any CPU
		{5B18B2BF-E26E-4586-BD4C-1F63D075641B}.Debug|Any CPU.Build.0 = Debug|Any CPU
		{5B18B2BF-E26E-4586-BD4C-1F63D075641B}.Release|Any CPU.ActiveCfg = Release|Any CPU
		{5B18B2BF-E26E-4586-BD4C-1F63D075641B}.Release|Any CPU.Build.0 = Release|Any CPU
	EndGlobalSection
	GlobalSection(SolutionProperties) = preSolution
		HideSolutionNode = FALSE
	EndGlobalSection
	GlobalSection(ExtensibilityGlobals) = postSolution
		SolutionGuid = {856CB978-37B2-4D61-9B2A-10EAE4497A4A}
	EndGlobalSection
EndGlobal
