
Microsoft Visual Studio Solution File, Format Version 12.00
# Visual Studio Version 17
VisualStudioVersion = 17.3.32929.385
MinimumVisualStudioVersion = 10.0.40219.1
Project("{9A19103F-16F7-4668-BE54-9A1E7A4F7556}") = "Practice", "Practice\Practice.csproj", "{2D5F5DCB-C1D4-4D90-B632-BF95C4D68085}"
EndProject
Project("{FAE04EC0-301F-11D3-BF4B-00C04F79EFBC}") = "PizzaToppings", "PizzaToppings\PizzaToppings.csproj", "{F1437C87-CDEA-4B45-894B-E78553D077D6}"
EndProject
Project("{FAE04EC0-301F-11D3-BF4B-00C04F79EFBC}") = "StreamingMusicPlayer", "StreamingMusicPlayer\StreamingMusicPlayer.csproj", "{C6DAFF03-AA8C-4F1F-9E16-2339D81CBCC6}"
EndProject
Global
	GlobalSection(SolutionConfigurationPlatforms) = preSolution
		Debug|Any CPU = Debug|Any CPU
		Release|Any CPU = Release|Any CPU
	EndGlobalSection
	GlobalSection(ProjectConfigurationPlatforms) = postSolution
		{2D5F5DCB-C1D4-4D90-B632-BF95C4D68085}.Debug|Any CPU.ActiveCfg = Debug|Any CPU
		{2D5F5DCB-C1D4-4D90-B632-BF95C4D68085}.Debug|Any CPU.Build.0 = Debug|Any CPU
		{2D5F5DCB-C1D4-4D90-B632-BF95C4D68085}.Release|Any CPU.ActiveCfg = Release|Any CPU
		{2D5F5DCB-C1D4-4D90-B632-BF95C4D68085}.Release|Any CPU.Build.0 = Release|Any CPU
		{F1437C87-CDEA-4B45-894B-E78553D077D6}.Debug|Any CPU.ActiveCfg = Debug|Any CPU
		{F1437C87-CDEA-4B45-894B-E78553D077D6}.Debug|Any CPU.Build.0 = Debug|Any CPU
		{F1437C87-CDEA-4B45-894B-E78553D077D6}.Release|Any CPU.ActiveCfg = Release|Any CPU
		{F1437C87-CDEA-4B45-894B-E78553D077D6}.Release|Any CPU.Build.0 = Release|Any CPU
		{C6DAFF03-AA8C-4F1F-9E16-2339D81CBCC6}.Debug|Any CPU.ActiveCfg = Debug|Any CPU
		{C6DAFF03-AA8C-4F1F-9E16-2339D81CBCC6}.Debug|Any CPU.Build.0 = Debug|Any CPU
		{C6DAFF03-AA8C-4F1F-9E16-2339D81CBCC6}.Release|Any CPU.ActiveCfg = Release|Any CPU
		{C6DAFF03-AA8C-4F1F-9E16-2339D81CBCC6}.Release|Any CPU.Build.0 = Release|Any CPU
	EndGlobalSection
	GlobalSection(SolutionProperties) = preSolution
		HideSolutionNode = FALSE
	EndGlobalSection
	GlobalSection(ExtensibilityGlobals) = postSolution
		SolutionGuid = {2C4DC982-09F0-4A06-81CA-7367CE5EB849}
	EndGlobalSection
EndGlobal
