
Microsoft Visual Studio Solution File, Format Version 12.00
# Visual Studio Version 17
VisualStudioVersion = 17.3.32929.385
MinimumVisualStudioVersion = 10.0.40219.1
Project("{FAE04EC0-301F-11D3-BF4B-00C04F79EFBC}") = "CsvFileHandling", "CsvFileHandling\CsvFileHandling.csproj", "{E533C816-6390-47BE-9DFC-79C4E47FEC0F}"
EndProject
Global
	GlobalSection(SolutionConfigurationPlatforms) = preSolution
		Debug|Any CPU = Debug|Any CPU
		Release|Any CPU = Release|Any CPU
	EndGlobalSection
	GlobalSection(ProjectConfigurationPlatforms) = postSolution
		{E533C816-6390-47BE-9DFC-79C4E47FEC0F}.Debug|Any CPU.ActiveCfg = Debug|Any CPU
		{E533C816-6390-47BE-9DFC-79C4E47FEC0F}.Debug|Any CPU.Build.0 = Debug|Any CPU
		{E533C816-6390-47BE-9DFC-79C4E47FEC0F}.Release|Any CPU.ActiveCfg = Release|Any CPU
		{E533C816-6390-47BE-9DFC-79C4E47FEC0F}.Release|Any CPU.Build.0 = Release|Any CPU
	EndGlobalSection
	GlobalSection(SolutionProperties) = preSolution
		HideSolutionNode = FALSE
	EndGlobalSection
	GlobalSection(ExtensibilityGlobals) = postSolution
		SolutionGuid = {5CB32900-D5DF-4D7F-8C05-DE08D7270EE7}
	EndGlobalSection
EndGlobal
