
Microsoft Visual Studio Solution File, Format Version 12.00
# Visual Studio Version 17
VisualStudioVersion = 17.3.32929.385
MinimumVisualStudioVersion = 10.0.40219.1
Project("{9A19103F-16F7-4668-BE54-9A1E7A4F7556}") = "OOP", "OOP\OOP.csproj", "{D0C4A25A-86C3-4A06-A17B-60F9D7CF3317}"
EndProject
Project("{9A19103F-16F7-4668-BE54-9A1E7A4F7556}") = "PetInformation", "PetInformation\PetInformation.csproj", "{017C679B-40B6-422A-A202-9C22127928A1}"
EndProject
Project("{FAE04EC0-301F-11D3-BF4B-00C04F79EFBC}") = "TimerApp", "TimerApp\TimerApp.csproj", "{134586B9-7FA0-4376-9AA1-199B81B09E95}"
EndProject
Global
	GlobalSection(SolutionConfigurationPlatforms) = preSolution
		Debug|Any CPU = Debug|Any CPU
		Release|Any CPU = Release|Any CPU
	EndGlobalSection
	GlobalSection(ProjectConfigurationPlatforms) = postSolution
		{D0C4A25A-86C3-4A06-A17B-60F9D7CF3317}.Debug|Any CPU.ActiveCfg = Debug|Any CPU
		{D0C4A25A-86C3-4A06-A17B-60F9D7CF3317}.Debug|Any CPU.Build.0 = Debug|Any CPU
		{D0C4A25A-86C3-4A06-A17B-60F9D7CF3317}.Release|Any CPU.ActiveCfg = Release|Any CPU
		{D0C4A25A-86C3-4A06-A17B-60F9D7CF3317}.Release|Any CPU.Build.0 = Release|Any CPU
		{017C679B-40B6-422A-A202-9C22127928A1}.Debug|Any CPU.ActiveCfg = Debug|Any CPU
		{017C679B-40B6-422A-A202-9C22127928A1}.Debug|Any CPU.Build.0 = Debug|Any CPU
		{017C679B-40B6-422A-A202-9C22127928A1}.Release|Any CPU.ActiveCfg = Release|Any CPU
		{017C679B-40B6-422A-A202-9C22127928A1}.Release|Any CPU.Build.0 = Release|Any CPU
		{134586B9-7FA0-4376-9AA1-199B81B09E95}.Debug|Any CPU.ActiveCfg = Debug|Any CPU
		{134586B9-7FA0-4376-9AA1-199B81B09E95}.Debug|Any CPU.Build.0 = Debug|Any CPU
		{134586B9-7FA0-4376-9AA1-199B81B09E95}.Release|Any CPU.ActiveCfg = Release|Any CPU
		{134586B9-7FA0-4376-9AA1-199B81B09E95}.Release|Any CPU.Build.0 = Release|Any CPU
	EndGlobalSection
	GlobalSection(SolutionProperties) = preSolution
		HideSolutionNode = FALSE
	EndGlobalSection
	GlobalSection(ExtensibilityGlobals) = postSolution
		SolutionGuid = {4797A211-EA9D-402E-A01F-F26AE8AE7223}
	EndGlobalSection
EndGlobal
