
Microsoft Visual Studio Solution File, Format Version 12.00
# Visual Studio Version 17
VisualStudioVersion = 17.3.32929.385
MinimumVisualStudioVersion = 10.0.40219.1
Project("{FAE04EC0-301F-11D3-BF4B-00C04F79EFBC}") = "CalculatorApp", "CalculatorApp\CalculatorApp.csproj", "{28B324E4-F8CF-4217-A765-726DFA803D0E}"
EndProject
Global
	GlobalSection(SolutionConfigurationPlatforms) = preSolution
		Debug|Any CPU = Debug|Any CPU
		Release|Any CPU = Release|Any CPU
	EndGlobalSection
	GlobalSection(ProjectConfigurationPlatforms) = postSolution
		{28B324E4-F8CF-4217-A765-726DFA803D0E}.Debug|Any CPU.ActiveCfg = Debug|Any CPU
		{28B324E4-F8CF-4217-A765-726DFA803D0E}.Debug|Any CPU.Build.0 = Debug|Any CPU
		{28B324E4-F8CF-4217-A765-726DFA803D0E}.Release|Any CPU.ActiveCfg = Release|Any CPU
		{28B324E4-F8CF-4217-A765-726DFA803D0E}.Release|Any CPU.Build.0 = Release|Any CPU
	EndGlobalSection
	GlobalSection(SolutionProperties) = preSolution
		HideSolutionNode = FALSE
	EndGlobalSection
	GlobalSection(ExtensibilityGlobals) = postSolution
		SolutionGuid = {89F4139D-489F-4BFC-9D66-741AE6E5E190}
	EndGlobalSection
EndGlobal
