
Microsoft Visual Studio Solution File, Format Version 12.00
# Visual Studio Version 17
VisualStudioVersion = 17.3.32929.385
MinimumVisualStudioVersion = 10.0.40219.1
Project("{FAE04EC0-301F-11D3-BF4B-00C04F79EFBC}") = "BmiCalculator", "BmiCalculator\BmiCalculator.csproj", "{1FE862B3-257B-4D70-989D-E8CB200C7642}"
EndProject
Global
	GlobalSection(SolutionConfigurationPlatforms) = preSolution
		Debug|Any CPU = Debug|Any CPU
		Release|Any CPU = Release|Any CPU
	EndGlobalSection
	GlobalSection(ProjectConfigurationPlatforms) = postSolution
		{1FE862B3-257B-4D70-989D-E8CB200C7642}.Debug|Any CPU.ActiveCfg = Debug|Any CPU
		{1FE862B3-257B-4D70-989D-E8CB200C7642}.Debug|Any CPU.Build.0 = Debug|Any CPU
		{1FE862B3-257B-4D70-989D-E8CB200C7642}.Release|Any CPU.ActiveCfg = Release|Any CPU
		{1FE862B3-257B-4D70-989D-E8CB200C7642}.Release|Any CPU.Build.0 = Release|Any CPU
	EndGlobalSection
	GlobalSection(SolutionProperties) = preSolution
		HideSolutionNode = FALSE
	EndGlobalSection
	GlobalSection(ExtensibilityGlobals) = postSolution
		SolutionGuid = {C402A4A2-B25B-4358-966E-110AA72DD4B9}
	EndGlobalSection
EndGlobal
